<?xml version="1.0" encoding="utf-8"?>
<Project ToolsVersion="4.0" xmlns="http://schemas.microsoft.com/developer/msbuild/2003">
  <ItemGroup>
    <Filter Include="Resources">
      <UniqueIdentifier>f5cc8171-d7a7-4266-b4f5-e26bd43cc97a</UniqueIdentifier>
      <Extensions>rc;ico;cur;bmp;dlg;rc2;rct;bin;rgs;gif;jpg;jpeg;jpe;resx;tiff;tif;png;wav;mfcribbon-ms</Extensions>
    </Filter>
  </ItemGroup>
  <ItemGroup>
    <ClCompile Include="pch.cpp" />
    <ClCompile Include="SurfaceImageSourceWrapper.cpp" />
    <ClCompile Include="VirtualSurfaceImageSourceWrapper.cpp" />
  </ItemGroup>
  <ItemGroup>
    <ClInclude Include="pch.h" />
    <ClInclude Include="SurfaceImageSourceWrapper.h" />
    <ClInclude Include="VirtualSurfaceImageSourceWrapper.h" />
  </ItemGroup>
</Project>